Microsoft Visual Studio Solution File, Format Version 7.00
Project("{8BC9CEB8-8B4A-11D0-8D11-00A0C91BC942}") = "moving", "tests\moving.vcproj", "{9B457F47-A6E4-4052-9453-5BB27B67ADF8}"
EndProject
Project("{8BC9CEB8-8B4A-11D0-8D11-00A0C91BC942}") = "openalpp", "openalpp.vcproj", "{9B8C6486-0D62-4EB5-BB2A-7452931A621C}"
EndProject
Project("{8BC9CEB8-8B4A-11D0-8D11-00A0C91BC942}") = "simple", "tests\simple.vcproj", "{FB88027A-C6FE-4298-BA38-3D272504B12F}"
EndProject
Project("{8BC9CEB8-8B4A-11D0-8D11-00A0C91BC942}") = "testmic", "tests\testmic.vcproj", "{AB4A5E63-1003-488A-A671-FC495F7CD246}"
EndProject
Project("{8BC9CEB8-8B4A-11D0-8D11-00A0C91BC942}") = "testsend", "tests\testsend.vcproj", "{09572667-1F69-4CB4-97BE-7FC1EF20AC73}"
EndProject
Project("{8BC9CEB8-8B4A-11D0-8D11-00A0C91BC942}") = "teststream", "tests\teststream.vcproj", "{4AC9E042-08CB-455A-AD6E-87CD79A01794}"
EndProject
Global
	GlobalSection(SolutionConfiguration) = preSolution
		ConfigName.0 = Debug
		ConfigName.1 = Release
	EndGlobalSection
	GlobalSection(ProjectDependencies) = postSolution
		{9B457F47-A6E4-4052-9453-5BB27B67ADF8}.0 = {9B8C6486-0D62-4EB5-BB2A-7452931A621C}
		{FB88027A-C6FE-4298-BA38-3D272504B12F}.0 = {9B8C6486-0D62-4EB5-BB2A-7452931A621C}
		{AB4A5E63-1003-488A-A671-FC495F7CD246}.0 = {9B8C6486-0D62-4EB5-BB2A-7452931A621C}
		{09572667-1F69-4CB4-97BE-7FC1EF20AC73}.0 = {9B8C6486-0D62-4EB5-BB2A-7452931A621C}
		{4AC9E042-08CB-455A-AD6E-87CD79A01794}.0 = {9B8C6486-0D62-4EB5-BB2A-7452931A621C}
	EndGlobalSection
	GlobalSection(ProjectConfiguration) = postSolution
		{9B457F47-A6E4-4052-9453-5BB27B67ADF8}.Debug.ActiveCfg = Debug|Win32
		{9B457F47-A6E4-4052-9453-5BB27B67ADF8}.Debug.Build.0 = Debug|Win32
		{9B457F47-A6E4-4052-9453-5BB27B67ADF8}.Release.ActiveCfg = Release|Win32
		{9B457F47-A6E4-4052-9453-5BB27B67ADF8}.Release.Build.0 = Release|Win32
		{9B8C6486-0D62-4EB5-BB2A-7452931A621C}.Debug.ActiveCfg = Debug|Win32
		{9B8C6486-0D62-4EB5-BB2A-7452931A621C}.Debug.Build.0 = Debug|Win32
		{9B8C6486-0D62-4EB5-BB2A-7452931A621C}.Release.ActiveCfg = Release|Win32
		{9B8C6486-0D62-4EB5-BB2A-7452931A621C}.Release.Build.0 = Release|Win32
		{FB88027A-C6FE-4298-BA38-3D272504B12F}.Debug.ActiveCfg = Debug|Win32
		{FB88027A-C6FE-4298-BA38-3D272504B12F}.Debug.Build.0 = Debug|Win32
		{FB88027A-C6FE-4298-BA38-3D272504B12F}.Release.ActiveCfg = Release|Win32
		{FB88027A-C6FE-4298-BA38-3D272504B12F}.Release.Build.0 = Release|Win32
		{AB4A5E63-1003-488A-A671-FC495F7CD246}.Debug.ActiveCfg = Debug|Win32
		{AB4A5E63-1003-488A-A671-FC495F7CD246}.Debug.Build.0 = Debug|Win32
		{AB4A5E63-1003-488A-A671-FC495F7CD246}.Release.ActiveCfg = Release|Win32
		{AB4A5E63-1003-488A-A671-FC495F7CD246}.Release.Build.0 = Release|Win32
		{09572667-1F69-4CB4-97BE-7FC1EF20AC73}.Debug.ActiveCfg = Debug|Win32
		{09572667-1F69-4CB4-97BE-7FC1EF20AC73}.Debug.Build.0 = Debug|Win32
		{09572667-1F69-4CB4-97BE-7FC1EF20AC73}.Release.ActiveCfg = Release|Win32
		{09572667-1F69-4CB4-97BE-7FC1EF20AC73}.Release.Build.0 = Release|Win32
		{4AC9E042-08CB-455A-AD6E-87CD79A01794}.Debug.ActiveCfg = Debug|Win32
		{4AC9E042-08CB-455A-AD6E-87CD79A01794}.Debug.Build.0 = Debug|Win32
		{4AC9E042-08CB-455A-AD6E-87CD79A01794}.Release.ActiveCfg = Release|Win32
		{4AC9E042-08CB-455A-AD6E-87CD79A01794}.Release.Build.0 = Release|Win32
	EndGlobalSection
	GlobalSection(ExtensibilityGlobals) = postSolution
	EndGlobalSection
	GlobalSection(ExtensibilityAddIns) = postSolution
	EndGlobalSection
EndGlobal
